
Microsoft Visual Studio Solution File, Format Version 12.00
# Visual Studio 15
VisualStudioVersion = 15.0.28010.2050
MinimumVisualStudioVersion = 10.0.40219.1
Project("{FAE04EC0-301F-11D3-BF4B-00C04F79EFBC}") = "SapDemo.Activities", "SaveAttachment\SapDemo.Activities.csproj", "{360546FB-9275-4A39-A470-D4E2E3A826D0}"
EndProject
Global
	GlobalSection(SolutionConfigurationPlatforms) = preSolution
		Debug|Any CPU = Debug|Any CPU
		Release|Any CPU = Release|Any CPU
	EndGlobalSection
	GlobalSection(ProjectConfigurationPlatforms) = postSolution
		{360546FB-9275-4A39-A470-D4E2E3A826D0}.Debug|Any CPU.ActiveCfg = Debug|Any CPU
		{360546FB-9275-4A39-A470-D4E2E3A826D0}.Debug|Any CPU.Build.0 = Debug|Any CPU
		{360546FB-9275-4A39-A470-D4E2E3A826D0}.Release|Any CPU.ActiveCfg = Release|Any CPU
		{360546FB-9275-4A39-A470-D4E2E3A826D0}.Release|Any CPU.Build.0 = Release|Any CPU
	EndGlobalSection
	GlobalSection(SolutionProperties) = preSolution
		HideSolutionNode = FALSE
	EndGlobalSection
	GlobalSection(ExtensibilityGlobals) = postSolution
		SolutionGuid = {219A4AF5-981C-40B2-9ED8-AF624957D692}
	EndGlobalSection
EndGlobal
